
Microsoft Visual Studio Solution File, Format Version 12.00
# Visual Studio Version 17
VisualStudioVersion = 17.0.32014.148
MinimumVisualStudioVersion = 10.0.40219.1
Project("{FAE04EC0-301F-11D3-BF4B-00C04F79EFBC}") = "snakeRepeatVersion1", "snakeRepeatVersion1.csproj", "{997502ED-28D7-444B-B7FD-DF95C84953B0}"
EndProject
Global
	GlobalSection(SolutionConfigurationPlatforms) = preSolution
		Debug|Any CPU = Debug|Any CPU
		Release|Any CPU = Release|Any CPU
	EndGlobalSection
	GlobalSection(ProjectConfigurationPlatforms) = postSolution
		{997502ED-28D7-444B-B7FD-DF95C84953B0}.Debug|Any CPU.ActiveCfg = Debug|Any CPU
		{997502ED-28D7-444B-B7FD-DF95C84953B0}.Debug|Any CPU.Build.0 = Debug|Any CPU
		{997502ED-28D7-444B-B7FD-DF95C84953B0}.Release|Any CPU.ActiveCfg = Release|Any CPU
		{997502ED-28D7-444B-B7FD-DF95C84953B0}.Release|Any CPU.Build.0 = Release|Any CPU
	EndGlobalSection
	GlobalSection(SolutionProperties) = preSolution
		HideSolutionNode = FALSE
	EndGlobalSection
	GlobalSection(ExtensibilityGlobals) = postSolution
		SolutionGuid = {3A61383D-C6E3-4681-A17F-84F147B761F7}
	EndGlobalSection
EndGlobal
